
Microsoft Visual Studio Solution File, Format Version 12.00
# Visual Studio Version 16
VisualStudioVersion = 16.0.31129.286
MinimumVisualStudioVersion = 10.0.40219.1
Project("{9A19103F-16F7-4668-BE54-9A1E7A4F7556}") = "SystemMonitorLib", "SystemMonitorLib.csproj", "{07424B02-34E4-4790-8E6C-DFA8A837A63B}"
EndProject
Project("{9A19103F-16F7-4668-BE54-9A1E7A4F7556}") = "SampleApp", "SampleApp\SampleApp.csproj", "{C2E34C67-0827-4D69-A9C1-DB34D76337B0}"
EndProject
Project("{FAE04EC0-301F-11D3-BF4B-00C04F79EFBC}") = "SystemMonitorLibTests", "..\SystemMonitorLibTests\SystemMonitorLibTests.csproj", "{C35CB9B2-5536-41E6-BC61-4E9E9CBD8E7D}"
EndProject
Global
	GlobalSection(SolutionConfigurationPlatforms) = preSolution
		Debug|Any CPU = Debug|Any CPU
		Release|Any CPU = Release|Any CPU
	EndGlobalSection
	GlobalSection(ProjectConfigurationPlatforms) = postSolution
		{07424B02-34E4-4790-8E6C-DFA8A837A63B}.Debug|Any CPU.ActiveCfg = Debug|Any CPU
		{07424B02-34E4-4790-8E6C-DFA8A837A63B}.Debug|Any CPU.Build.0 = Debug|Any CPU
		{07424B02-34E4-4790-8E6C-DFA8A837A63B}.Release|Any CPU.ActiveCfg = Release|Any CPU
		{07424B02-34E4-4790-8E6C-DFA8A837A63B}.Release|Any CPU.Build.0 = Release|Any CPU
		{C2E34C67-0827-4D69-A9C1-DB34D76337B0}.Debug|Any CPU.ActiveCfg = Debug|Any CPU
		{C2E34C67-0827-4D69-A9C1-DB34D76337B0}.Debug|Any CPU.Build.0 = Debug|Any CPU
		{C2E34C67-0827-4D69-A9C1-DB34D76337B0}.Release|Any CPU.ActiveCfg = Release|Any CPU
		{C2E34C67-0827-4D69-A9C1-DB34D76337B0}.Release|Any CPU.Build.0 = Release|Any CPU
		{C35CB9B2-5536-41E6-BC61-4E9E9CBD8E7D}.Debug|Any CPU.ActiveCfg = Debug|Any CPU
		{C35CB9B2-5536-41E6-BC61-4E9E9CBD8E7D}.Debug|Any CPU.Build.0 = Debug|Any CPU
		{C35CB9B2-5536-41E6-BC61-4E9E9CBD8E7D}.Release|Any CPU.ActiveCfg = Release|Any CPU
		{C35CB9B2-5536-41E6-BC61-4E9E9CBD8E7D}.Release|Any CPU.Build.0 = Release|Any CPU
	EndGlobalSection
	GlobalSection(SolutionProperties) = preSolution
		HideSolutionNode = FALSE
	EndGlobalSection
	GlobalSection(ExtensibilityGlobals) = postSolution
		SolutionGuid = {EB94E3CF-33CF-4D26-A675-4D079713D796}
	EndGlobalSection
EndGlobal
